
Microsoft Visual Studio Solution File, Format Version 12.00
# Visual Studio Version 17
VisualStudioVersion = 17.0.31903.59
MinimumVisualStudioVersion = 10.0.40219.1
Project("{FAE04EC0-301F-11D3-BF4B-00C04F79EFBC}") = "MobilePhoneStore", "MobilePhoneStore\MobilePhoneStore.csproj", "{07E872EE-09EB-412A-B672-7D109BC4B7EC}"
EndProject
Global
	GlobalSection(SolutionConfigurationPlatforms) = preSolution
		Debug|Any CPU = Debug|Any CPU
		Release|Any CPU = Release|Any CPU
	EndGlobalSection
	GlobalSection(ProjectConfigurationPlatforms) = postSolution
		{07E872EE-09EB-412A-B672-7D109BC4B7EC}.Debug|Any CPU.ActiveCfg = Debug|Any CPU
		{07E872EE-09EB-412A-B672-7D109BC4B7EC}.Debug|Any CPU.Build.0 = Debug|Any CPU
		{07E872EE-09EB-412A-B672-7D109BC4B7EC}.Release|Any CPU.ActiveCfg = Release|Any CPU
		{07E872EE-09EB-412A-B672-7D109BC4B7EC}.Release|Any CPU.Build.0 = Release|Any CPU
	EndGlobalSection
	GlobalSection(SolutionProperties) = preSolution
		HideSolutionNode = FALSE
	EndGlobalSection
	GlobalSection(ExtensibilityGlobals) = postSolution
		SolutionGuid = {D804999D-F5E1-4D32-8E0B-06D374DB4D39}
	EndGlobalSection
EndGlobal
